
Microsoft Visual Studio Solution File, Format Version 12.00
# Visual Studio Version 16
VisualStudioVersion = 16.0.30320.27
MinimumVisualStudioVersion = 10.0.40219.1
Project("{2150E333-8FDC-42A3-9474-1A3956D46DE8}") = "src", "src", "{9425647F-CD5E-4815-9268-9422D418D345}"
EndProject
Project("{9A19103F-16F7-4668-BE54-9A1E7A4F7556}") = "Federations.API", "Federations.API\Federations.API.csproj", "{ACCFBFC0-32F5-423B-919E-A284A0CFD658}"
EndProject
Project("{9A19103F-16F7-4668-BE54-9A1E7A4F7556}") = "Federations.Domain", "Federations.Domain\Federations.Domain.csproj", "{E49FB469-07DB-4736-8702-B54C3F7341A0}"
EndProject
Project("{9A19103F-16F7-4668-BE54-9A1E7A4F7556}") = "Federations.Application", "Federations.Application\Federations.Application.csproj", "{3CE1E7E0-7795-486C-8A52-C3DBFFE9E058}"
EndProject
Project("{9A19103F-16F7-4668-BE54-9A1E7A4F7556}") = "Federations.Data", "Federations.Data\Federations.Data.csproj", "{FA9E501A-D830-4EBA-AF33-A35595C55A29}"
EndProject
Global
	GlobalSection(SolutionConfigurationPlatforms) = preSolution
		Debug|Any CPU = Debug|Any CPU
		Release|Any CPU = Release|Any CPU
	EndGlobalSection
	GlobalSection(ProjectConfigurationPlatforms) = postSolution
		{ACCFBFC0-32F5-423B-919E-A284A0CFD658}.Debug|Any CPU.ActiveCfg = Debug|Any CPU
		{ACCFBFC0-32F5-423B-919E-A284A0CFD658}.Debug|Any CPU.Build.0 = Debug|Any CPU
		{ACCFBFC0-32F5-423B-919E-A284A0CFD658}.Release|Any CPU.ActiveCfg = Release|Any CPU
		{ACCFBFC0-32F5-423B-919E-A284A0CFD658}.Release|Any CPU.Build.0 = Release|Any CPU
		{E49FB469-07DB-4736-8702-B54C3F7341A0}.Debug|Any CPU.ActiveCfg = Debug|Any CPU
		{E49FB469-07DB-4736-8702-B54C3F7341A0}.Debug|Any CPU.Build.0 = Debug|Any CPU
		{E49FB469-07DB-4736-8702-B54C3F7341A0}.Release|Any CPU.ActiveCfg = Release|Any CPU
		{E49FB469-07DB-4736-8702-B54C3F7341A0}.Release|Any CPU.Build.0 = Release|Any CPU
		{3CE1E7E0-7795-486C-8A52-C3DBFFE9E058}.Debug|Any CPU.ActiveCfg = Debug|Any CPU
		{3CE1E7E0-7795-486C-8A52-C3DBFFE9E058}.Debug|Any CPU.Build.0 = Debug|Any CPU
		{3CE1E7E0-7795-486C-8A52-C3DBFFE9E058}.Release|Any CPU.ActiveCfg = Release|Any CPU
		{3CE1E7E0-7795-486C-8A52-C3DBFFE9E058}.Release|Any CPU.Build.0 = Release|Any CPU
		{FA9E501A-D830-4EBA-AF33-A35595C55A29}.Debug|Any CPU.ActiveCfg = Debug|Any CPU
		{FA9E501A-D830-4EBA-AF33-A35595C55A29}.Debug|Any CPU.Build.0 = Debug|Any CPU
		{FA9E501A-D830-4EBA-AF33-A35595C55A29}.Release|Any CPU.ActiveCfg = Release|Any CPU
		{FA9E501A-D830-4EBA-AF33-A35595C55A29}.Release|Any CPU.Build.0 = Release|Any CPU
	EndGlobalSection
	GlobalSection(SolutionProperties) = preSolution
		HideSolutionNode = FALSE
	EndGlobalSection
	GlobalSection(NestedProjects) = preSolution
		{ACCFBFC0-32F5-423B-919E-A284A0CFD658} = {9425647F-CD5E-4815-9268-9422D418D345}
		{E49FB469-07DB-4736-8702-B54C3F7341A0} = {9425647F-CD5E-4815-9268-9422D418D345}
		{3CE1E7E0-7795-486C-8A52-C3DBFFE9E058} = {9425647F-CD5E-4815-9268-9422D418D345}
		{FA9E501A-D830-4EBA-AF33-A35595C55A29} = {9425647F-CD5E-4815-9268-9422D418D345}
	EndGlobalSection
	GlobalSection(ExtensibilityGlobals) = postSolution
		SolutionGuid = {6DA39AAB-667F-4023-B725-BBC6970119C0}
	EndGlobalSection
EndGlobal
